
Microsoft Visual Studio Solution File, Format Version 12.00
# Visual Studio Version 17
VisualStudioVersion = 17.1.32328.378
MinimumVisualStudioVersion = 10.0.40219.1
Project("{FAE04EC0-301F-11D3-BF4B-00C04F79EFBC}") = "AgenciaBancaria.Dominio", "AgenciaBancaria.Dominio\AgenciaBancaria.Dominio.csproj", "{EAD2C0E9-9897-4E78-9099-7B93FDE99AE8}"
EndProject
Project("{FAE04EC0-301F-11D3-BF4B-00C04F79EFBC}") = "AgenciaBancaria.App", "AgenciaBancaria.App\AgenciaBancaria.App.csproj", "{38A240A1-55C0-465A-B047-EABB8BEE8C2B}"
EndProject
Global
	GlobalSection(SolutionConfigurationPlatforms) = preSolution
		Debug|Any CPU = Debug|Any CPU
		Release|Any CPU = Release|Any CPU
	EndGlobalSection
	GlobalSection(ProjectConfigurationPlatforms) = postSolution
		{EAD2C0E9-9897-4E78-9099-7B93FDE99AE8}.Debug|Any CPU.ActiveCfg = Debug|Any CPU
		{EAD2C0E9-9897-4E78-9099-7B93FDE99AE8}.Debug|Any CPU.Build.0 = Debug|Any CPU
		{EAD2C0E9-9897-4E78-9099-7B93FDE99AE8}.Release|Any CPU.ActiveCfg = Release|Any CPU
		{EAD2C0E9-9897-4E78-9099-7B93FDE99AE8}.Release|Any CPU.Build.0 = Release|Any CPU
		{38A240A1-55C0-465A-B047-EABB8BEE8C2B}.Debug|Any CPU.ActiveCfg = Debug|Any CPU
		{38A240A1-55C0-465A-B047-EABB8BEE8C2B}.Debug|Any CPU.Build.0 = Debug|Any CPU
		{38A240A1-55C0-465A-B047-EABB8BEE8C2B}.Release|Any CPU.ActiveCfg = Release|Any CPU
		{38A240A1-55C0-465A-B047-EABB8BEE8C2B}.Release|Any CPU.Build.0 = Release|Any CPU
	EndGlobalSection
	GlobalSection(SolutionProperties) = preSolution
		HideSolutionNode = FALSE
	EndGlobalSection
	GlobalSection(ExtensibilityGlobals) = postSolution
		SolutionGuid = {601FFFB0-691D-4A6C-AFA5-B8CE1431FBD5}
	EndGlobalSection
EndGlobal
